
Microsoft Visual Studio Solution File, Format Version 12.00
# Visual Studio 14
VisualStudioVersion = 14.0.25420.1
MinimumVisualStudioVersion = 10.0.40219.1
Project("{FAE04EC0-301F-11D3-BF4B-00C04F79EFBC}") = "MyGradesAvgProject", "WebApplication1\MyGradesAvgProject.csproj", "{2788FB0B-0D30-4E4F-B00E-F44D4FA3D640}"
EndProject
Project("{FAE04EC0-301F-11D3-BF4B-00C04F79EFBC}") = "UnitTestGradesWebSite", "UnitTestGradesWebSite\UnitTestGradesWebSite.csproj", "{6C7AF37C-DED7-40F0-904E-68225661DAAB}"
EndProject
Global
	GlobalSection(SolutionConfigurationPlatforms) = preSolution
		Debug|Any CPU = Debug|Any CPU
		Release|Any CPU = Release|Any CPU
	EndGlobalSection
	GlobalSection(ProjectConfigurationPlatforms) = postSolution
		{2788FB0B-0D30-4E4F-B00E-F44D4FA3D640}.Debug|Any CPU.ActiveCfg = Debug|Any CPU
		{2788FB0B-0D30-4E4F-B00E-F44D4FA3D640}.Debug|Any CPU.Build.0 = Debug|Any CPU
		{2788FB0B-0D30-4E4F-B00E-F44D4FA3D640}.Release|Any CPU.ActiveCfg = Release|Any CPU
		{2788FB0B-0D30-4E4F-B00E-F44D4FA3D640}.Release|Any CPU.Build.0 = Release|Any CPU
		{6C7AF37C-DED7-40F0-904E-68225661DAAB}.Debug|Any CPU.ActiveCfg = Debug|Any CPU
		{6C7AF37C-DED7-40F0-904E-68225661DAAB}.Debug|Any CPU.Build.0 = Debug|Any CPU
		{6C7AF37C-DED7-40F0-904E-68225661DAAB}.Release|Any CPU.ActiveCfg = Release|Any CPU
		{6C7AF37C-DED7-40F0-904E-68225661DAAB}.Release|Any CPU.Build.0 = Release|Any CPU
	EndGlobalSection
	GlobalSection(SolutionProperties) = preSolution
		HideSolutionNode = FALSE
	EndGlobalSection
EndGlobal
